
Microsoft Visual Studio Solution File, Format Version 12.00
# Visual Studio Version 17
VisualStudioVersion = 17.5.33516.290
MinimumVisualStudioVersion = 10.0.40219.1
Project("{FAE04EC0-301F-11D3-BF4B-00C04F79EFBC}") = "CityGuessingGame", "CityGuessingGame\CityGuessingGame.csproj", "{5A5441A6-98B1-4BD4-AB23-BFE3FAAE7A8E}"
EndProject
Global
	GlobalSection(SolutionConfigurationPlatforms) = preSolution
		Debug|Any CPU = Debug|Any CPU
		Release|Any CPU = Release|Any CPU
	EndGlobalSection
	GlobalSection(ProjectConfigurationPlatforms) = postSolution
		{5A5441A6-98B1-4BD4-AB23-BFE3FAAE7A8E}.Debug|Any CPU.ActiveCfg = Debug|Any CPU
		{5A5441A6-98B1-4BD4-AB23-BFE3FAAE7A8E}.Debug|Any CPU.Build.0 = Debug|Any CPU
		{5A5441A6-98B1-4BD4-AB23-BFE3FAAE7A8E}.Release|Any CPU.ActiveCfg = Release|Any CPU
		{5A5441A6-98B1-4BD4-AB23-BFE3FAAE7A8E}.Release|Any CPU.Build.0 = Release|Any CPU
	EndGlobalSection
	GlobalSection(SolutionProperties) = preSolution
		HideSolutionNode = FALSE
	EndGlobalSection
	GlobalSection(ExtensibilityGlobals) = postSolution
		SolutionGuid = {EC79E63C-ED2E-4A08-A096-8F309D4ECDD6}
	EndGlobalSection
EndGlobal
